
Microsoft Visual Studio Solution File, Format Version 12.00
# Visual Studio Version 16
VisualStudioVersion = 16.0.30413.136
MinimumVisualStudioVersion = 10.0.40219.1
Project("{FAE04EC0-301F-11D3-BF4B-00C04F79EFBC}") = "ExpressionTreeConsoleApplication", "ExpressionTreeConsoleApplication.csproj", "{44016CAB-6B7C-4CE5-A13E-FC1379F61F8E}"
EndProject
Global
	GlobalSection(SolutionConfigurationPlatforms) = preSolution
		Debug|Any CPU = Debug|Any CPU
		Release|Any CPU = Release|Any CPU
	EndGlobalSection
	GlobalSection(ProjectConfigurationPlatforms) = postSolution
		{44016CAB-6B7C-4CE5-A13E-FC1379F61F8E}.Debug|Any CPU.ActiveCfg = Debug|Any CPU
		{44016CAB-6B7C-4CE5-A13E-FC1379F61F8E}.Debug|Any CPU.Build.0 = Debug|Any CPU
		{44016CAB-6B7C-4CE5-A13E-FC1379F61F8E}.Release|Any CPU.ActiveCfg = Release|Any CPU
		{44016CAB-6B7C-4CE5-A13E-FC1379F61F8E}.Release|Any CPU.Build.0 = Release|Any CPU
	EndGlobalSection
	GlobalSection(SolutionProperties) = preSolution
		HideSolutionNode = FALSE
	EndGlobalSection
	GlobalSection(ExtensibilityGlobals) = postSolution
		SolutionGuid = {29CFCE58-7DC7-465A-BEA7-6086BE4E7D36}
	EndGlobalSection
EndGlobal
